
Microsoft Visual Studio Solution File, Format Version 12.00
# Visual Studio Version 17
VisualStudioVersion = 17.3.32922.545
MinimumVisualStudioVersion = 10.0.40219.1
Project("{FAE04EC0-301F-11D3-BF4B-00C04F79EFBC}") = "SyncfusionDiagramSample", "SyncfusionDiagramSample\SyncfusionDiagramSample.csproj", "{5F6A6F51-18F8-4026-86F5-28786FF6FAB5}"
EndProject
Global
	GlobalSection(SolutionConfigurationPlatforms) = preSolution
		Debug|Any CPU = Debug|Any CPU
		Release|Any CPU = Release|Any CPU
	EndGlobalSection
	GlobalSection(ProjectConfigurationPlatforms) = postSolution
		{5F6A6F51-18F8-4026-86F5-28786FF6FAB5}.Debug|Any CPU.ActiveCfg = Debug|Any CPU
		{5F6A6F51-18F8-4026-86F5-28786FF6FAB5}.Debug|Any CPU.Build.0 = Debug|Any CPU
		{5F6A6F51-18F8-4026-86F5-28786FF6FAB5}.Release|Any CPU.ActiveCfg = Release|Any CPU
		{5F6A6F51-18F8-4026-86F5-28786FF6FAB5}.Release|Any CPU.Build.0 = Release|Any CPU
	EndGlobalSection
	GlobalSection(SolutionProperties) = preSolution
		HideSolutionNode = FALSE
	EndGlobalSection
	GlobalSection(ExtensibilityGlobals) = postSolution
		SolutionGuid = {B0803B37-6FE1-482F-81C7-060F90ADE786}
	EndGlobalSection
EndGlobal
